// !$*UTF8*$!
{
	archiveVersion = 1;
	classes = {
	};
	objectVersion = 56;
	objects = {

/* Begin PBXBuildFile section */
		CF8D73012A14C33A006E8BA3 /* Hi_Hasan_EcomApp.swift in Sources */ = {isa = PBXBuildFile; fileRef = CF8D73002A14C33A006E8BA3 /* Hi_Hasan_EcomApp.swift */; };
		CF8D73032A14C33A006E8BA3 /* ContentView.swift in Sources */ = {isa = PBXBuildFile; fileRef = CF8D73022A14C33A006E8BA3 /* ContentView.swift */; };
		CF8D73052A14C33B006E8BA3 /* Assets.xcassets in Resources */ = {isa = PBXBuildFile; fileRef = CF8D73042A14C33B006E8BA3 /* Assets.xcassets */; };
		CF8D73082A14C33B006E8BA3 /* Preview Assets.xcassets in Resources */ = {isa = PBXBuildFile; fileRef = CF8D73072A14C33B006E8BA3 /* Preview Assets.xcassets */; };
		CF8D731E2A14E039006E8BA3 /* PlayfairDisplay-Regular.ttf in Resources */ = {isa = PBXBuildFile; fileRef = CF8D731D2A14E039006E8BA3 /* PlayfairDisplay-Regular.ttf */; settings = {ASSET_TAGS = (New, ); }; };
		CF8D73202A14E06B006E8BA3 /* PlayfairDisplay-Bold.ttf in Resources */ = {isa = PBXBuildFile; fileRef = CF8D731F2A14E06B006E8BA3 /* PlayfairDisplay-Bold.ttf */; settings = {ASSET_TAGS = (New, ); }; };
		CF8D73242A1506BA006E8BA3 /* HomeScreen.swift in Sources */ = {isa = PBXBuildFile; fileRef = CF8D73232A1506BA006E8BA3 /* HomeScreen.swift */; };
/* End PBXBuildFile section */

/* Begin PBXFileReference section */
		CF8D72FD2A14C33A006E8BA3 /* Hi Hasan Ecom.app */ = {isa = PBXFileReference; explicitFileType = wrapper.application; includeInIndex = 0; path = "Hi Hasan Ecom.app"; sourceTree = BUILT_PRODUCTS_DIR; };
		CF8D73002A14C33A006E8BA3 /* Hi_Hasan_EcomApp.swift */ = {isa = PBXFileReference; lastKnownFileType = sourcecode.swift; path = Hi_Hasan_EcomApp.swift; sourceTree = "<group>"; };
		CF8D73022A14C33A006E8BA3 /* ContentView.swift */ = {isa = PBXFileReference; lastKnownFileType = sourcecode.swift; path = ContentView.swift; sourceTree = "<group>"; };
		CF8D73042A14C33B006E8BA3 /* Assets.xcassets */ = {isa = PBXFileReference; lastKnownFileType = folder.assetcatalog; path = Assets.xcassets; sourceTree = "<group>"; };
		CF8D73072A14C33B006E8BA3 /* Preview Assets.xcassets */ = {isa = PBXFileReference; lastKnownFileType = folder.assetcatalog; path = "Preview Assets.xcassets"; sourceTree = "<group>"; };
		CF8D731D2A14E039006E8BA3 /* PlayfairDisplay-Regular.ttf */ = {isa = PBXFileReference; lastKnownFileType = file; path = "PlayfairDisplay-Regular.ttf"; sourceTree = "<group>"; };
		CF8D731F2A14E06B006E8BA3 /* PlayfairDisplay-Bold.ttf */ = {isa = PBXFileReference; lastKnownFileType = file; path = "PlayfairDisplay-Bold.ttf"; sourceTree = "<group>"; };
		CF8D73212A14E11F006E8BA3 /* Hi-Hasan-Ecom-Info.plist */ = {isa = PBXFileReference; lastKnownFileType = text.plist; path = "Hi-Hasan-Ecom-Info.plist"; sourceTree = SOURCE_ROOT; };
		CF8D73232A1506BA006E8BA3 /* HomeScreen.swift */ = {isa = PBXFileReference; lastKnownFileType = sourcecode.swift; path = HomeScreen.swift; sourceTree = "<group>"; };
/* End PBXFileReference section */

/* Begin PBXFrameworksBuildPhase section */
		CF8D72FA2A14C33A006E8BA3 /* Frameworks */ = {
			isa = PBXFrameworksBuildPhase;
			buildActionMask = 2147483647;
			files = (
			);
			runOnlyForDeploymentPostprocessing = 0;
		};
/* End PBXFrameworksBuildPhase section */

/* Begin PBXGroup section */
		CF8D72F42A14C33A006E8BA3 = {
			isa = PBXGroup;
			children = (
				CF8D72FF2A14C33A006E8BA3 /* Hi Hasan Ecom */,
				CF8D72FE2A14C33A006E8BA3 /* Products */,
			);
			sourceTree = "<group>";
		};
		CF8D72FE2A14C33A006E8BA3 /* Products */ = {
			isa = PBXGroup;
			children = (
				CF8D72FD2A14C33A006E8BA3 /* Hi Hasan Ecom.app */,
			);
			name = Products;
			sourceTree = "<group>";
		};
		CF8D72FF2A14C33A006E8BA3 /* Hi Hasan Ecom */ = {
			isa = PBXGroup;
			children = (
				CF8D73222A1506AA006E8BA3 /* Screens */,
				CF8D73212A14E11F006E8BA3 /* Hi-Hasan-Ecom-Info.plist */,
				CF8D731C2A14E005006E8BA3 /* Fonts */,
				CF8D73002A14C33A006E8BA3 /* Hi_Hasan_EcomApp.swift */,
				CF8D73022A14C33A006E8BA3 /* ContentView.swift */,
				CF8D73042A14C33B006E8BA3 /* Assets.xcassets */,
				CF8D73062A14C33B006E8BA3 /* Preview Content */,
			);
			path = "Hi Hasan Ecom";
			sourceTree = "<group>";
		};
		CF8D73062A14C33B006E8BA3 /* Preview Content */ = {
			isa = PBXGroup;
			children = (
				CF8D73072A14C33B006E8BA3 /* Preview Assets.xcassets */,
			);
			path = "Preview Content";
			sourceTree = "<group>";
		};
		CF8D731C2A14E005006E8BA3 /* Fonts */ = {
			isa = PBXGroup;
			children = (
				CF8D731F2A14E06B006E8BA3 /* PlayfairDisplay-Bold.ttf */,
				CF8D731D2A14E039006E8BA3 /* PlayfairDisplay-Regular.ttf */,
			);
			path = Fonts;
			sourceTree = "<group>";
		};
		CF8D73222A1506AA006E8BA3 /* Screens */ = {
			isa = PBXGroup;
			children = (
				CF8D73232A1506BA006E8BA3 /* HomeScreen.swift */,
			);
			path = Screens;
			sourceTree = "<group>";
		};
/* End PBXGroup section */

/* Begin PBXNativeTarget section */
		CF8D72FC2A14C33A006E8BA3 /* Hi Hasan Ecom */ = {
			isa = PBXNativeTarget;
			buildConfigurationList = CF8D730B2A14C33B006E8BA3 /* Build configuration list for PBXNativeTarget "Hi Hasan Ecom" */;
			buildPhases = (
				CF8D72F92A14C33A006E8BA3 /* Sources */,
				CF8D72FA2A14C33A006E8BA3 /* Frameworks */,
				CF8D72FB2A14C33A006E8BA3 /* Resources */,
			);
			buildRules = (
			);
			dependencies = (
			);
			name = "Hi Hasan Ecom";
			productName = "Hi Hasan Ecom";
			productReference = CF8D72FD2A14C33A006E8BA3 /* Hi Hasan Ecom.app */;
			productType = "com.apple.product-type.application";
		};
/* End PBXNativeTarget section */

/* Begin PBXProject section */
		CF8D72F52A14C33A006E8BA3 /* Project object */ = {
			isa = PBXProject;
			attributes = {
				BuildIndependentTargetsInParallel = 1;
				KnownAssetTags = (
					New,
				);
				LastSwiftUpdateCheck = 1420;
				LastUpgradeCheck = 1420;
				TargetAttributes = {
					CF8D72FC2A14C33A006E8BA3 = {
						CreatedOnToolsVersion = 14.2;
					};
				};
			};
			buildConfigurationList = CF8D72F82A14C33A006E8BA3 /* Build configuration list for PBXProject "Hi Hasan Ecom" */;
			compatibilityVersion = "Xcode 14.0";
			developmentRegion = en;
			hasScannedForEncodings = 0;
			knownRegions = (
				en,
				Base,
			);
			mainGroup = CF8D72F42A14C33A006E8BA3;
			productRefGroup = CF8D72FE2A14C33A006E8BA3 /* Products */;
			projectDirPath = "";
			projectRoot = "";
			targets = (
				CF8D72FC2A14C33A006E8BA3 /* Hi Hasan Ecom */,
			);
		};
/* End PBXProject section */

/* Begin PBXResourcesBuildPhase section */
		CF8D72FB2A14C33A006E8BA3 /* Resources */ = {
			isa = PBXResourcesBuildPhase;
			buildActionMask = 2147483647;
			files = (
				CF8D73202A14E06B006E8BA3 /* PlayfairDisplay-Bold.ttf in Resources */,
				CF8D73082A14C33B006E8BA3 /* Preview Assets.xcassets in Resources */,
				CF8D73052A14C33B006E8BA3 /* Assets.xcassets in Resources */,
				CF8D731E2A14E039006E8BA3 /* PlayfairDisplay-Regular.ttf in Resources */,
			);
			runOnlyForDeploymentPostprocessing = 0;
		};
/* End PBXResourcesBuildPhase section */

/* Begin PBXSourcesBuildPhase section */
		CF8D72F92A14C33A006E8BA3 /* Sources */ = {
			isa = PBXSourcesBuildPhase;
			buildActionMask = 2147483647;
			files = (
				CF8D73032A14C33A006E8BA3 /* ContentView.swift in Sources */,
				CF8D73012A14C33A006E8BA3 /* Hi_Hasan_EcomApp.swift in Sources */,
				CF8D73242A1506BA006E8BA3 /* HomeScreen.swift in Sources */,
			);
			runOnlyForDeploymentPostprocessing = 0;
		};
/* End PBXSourcesBuildPhase section */

/* Begin XCBuildConfiguration section */
		CF8D73092A14C33B006E8BA3 /* Debug */ = {
			isa = XCBuildConfiguration;
			buildSettings = {
				ALWAYS_SEARCH_USER_PATHS = NO;
				CLANG_ANALYZER_NONNULL = YES;
				CLANG_ANALYZER_NUMBER_OBJECT_CONVERSION = YES_AGGRESSIVE;
				CLANG_CXX_LANGUAGE_STANDARD = "gnu++20";
				CLANG_ENABLE_MODULES = YES;
				CLANG_ENABLE_OBJC_ARC = YES;
				CLANG_ENABLE_OBJC_WEAK = YES;
				CLANG_WARN_BLOCK_CAPTURE_AUTORELEASING = YES;
				CLANG_WARN_BOOL_CONVERSION = YES;
				CLANG_WARN_COMMA = YES;
				CLANG_WARN_CONSTANT_CONVERSION = YES;
				CLANG_WARN_DEPRECATED_OBJC_IMPLEMENTATIONS = YES;
				CLANG_WARN_DIRECT_OBJC_ISA_USAGE = YES_ERROR;
				CLANG_WARN_DOCUMENTATION_COMMENTS = YES;
				CLANG_WARN_EMPTY_BODY = YES;
				CLANG_WARN_ENUM_CONVERSION = YES;
				CLANG_WARN_INFINITE_RECURSION = YES;
				CLANG_WARN_INT_CONVERSION = YES;
				CLANG_WARN_NON_LITERAL_NULL_CONVERSION = YES;
				CLANG_WARN_OBJC_IMPLICIT_RETAIN_SELF = YES;
				CLANG_WARN_OBJC_LITERAL_CONVERSION = YES;
				CLANG_WARN_OBJC_ROOT_CLASS = YES_ERROR;
				CLANG_WARN_QUOTED_INCLUDE_IN_FRAMEWORK_HEADER = YES;
				CLANG_WARN_RANGE_LOOP_ANALYSIS = YES;
				CLANG_WARN_STRICT_PROTOTYPES = YES;
				CLANG_WARN_SUSPICIOUS_MOVE = YES;
				CLANG_WARN_UNGUARDED_AVAILABILITY = YES_AGGRESSIVE;
				CLANG_WARN_UNREACHABLE_CODE = YES;
				CLANG_WARN__DUPLICATE_METHOD_MATCH = YES;
				COPY_PHASE_STRIP = NO;
				DEBUG_INFORMATION_FORMAT = dwarf;
				ENABLE_STRICT_OBJC_MSGSEND = YES;
				ENABLE_TESTABILITY = YES;
				GCC_C_LANGUAGE_STANDARD = gnu11;
				GCC_DYNAMIC_NO_PIC = NO;
				GCC_NO_COMMON_BLOCKS = YES;
				GCC_OPTIMIZATION_LEVEL = 0;
				GCC_PREPROCESSOR_DEFINITIONS = (
					"DEBUG=1",
					"$(inherited)",
				);
				GCC_WARN_64_TO_32_BIT_CONVERSION = YES;
				GCC_WARN_ABOUT_RETURN_TYPE = YES_ERROR;
				GCC_WARN_UNDECLARED_SELECTOR = YES;
				GCC_WARN_UNINITIALIZED_AUTOS = YES_AGGRESSIVE;
				GCC_WARN_UNUSED_FUNCTION = YES;
				GCC_WARN_UNUSED_VARIABLE = YES;
				IPHONEOS_DEPLOYMENT_TARGET = 16.2;
				MTL_ENABLE_DEBUG_INFO = INCLUDE_SOURCE;
				MTL_FAST_MATH = YES;
				ONLY_ACTIVE_ARCH = YES;
				SDKROOT = iphoneos;
				SWIFT_ACTIVE_COMPILATION_CONDITIONS = DEBUG;
				SWIFT_OPTIMIZATION_LEVEL = "-Onone";
			};
			name = Debug;
		};
		CF8D730A2A14C33B006E8BA3 /* Release */ = {
			isa = XCBuildConfiguration;
			buildSettings = {
				ALWAYS_SEARCH_USER_PATHS = NO;
				CLANG_ANALYZER_NONNULL = YES;
				CLANG_ANALYZER_NUMBER_OBJECT_CONVERSION = YES_AGGRESSIVE;
				CLANG_CXX_LANGUAGE_STANDARD = "gnu++20";
				CLANG_ENABLE_MODULES = YES;
				CLANG_ENABLE_OBJC_ARC = YES;
				CLANG_ENABLE_OBJC_WEAK = YES;
				CLANG_WARN_BLOCK_CAPTURE_AUTORELEASING = YES;
				CLANG_WARN_BOOL_CONVERSION = YES;
				CLANG_WARN_COMMA = YES;
				CLANG_WARN_CONSTANT_CONVERSION = YES;
				CLANG_WARN_DEPRECATED_OBJC_IMPLEMENTATIONS = YES;
				CLANG_WARN_DIRECT_OBJC_ISA_USAGE = YES_ERROR;
				CLANG_WARN_DOCUMENTATION_COMMENTS = YES;
				CLANG_WARN_EMPTY_BODY = YES;
				CLANG_WARN_ENUM_CONVERSION = YES;
				CLANG_WARN_INFINITE_RECURSION = YES;
				CLANG_WARN_INT_CONVERSION = YES;
				CLANG_WARN_NON_LITERAL_NULL_CONVERSION = YES;
				CLANG_WARN_OBJC_IMPLICIT_RETAIN_SELF = YES;
				CLANG_WARN_OBJC_LITERAL_CONVERSION = YES;
				CLANG_WARN_OBJC_ROOT_CLASS = YES_ERROR;
				CLANG_WARN_QUOTED_INCLUDE_IN_FRAMEWORK_HEADER = YES;
				CLANG_WARN_RANGE_LOOP_ANALYSIS = YES;
				CLANG_WARN_STRICT_PROTOTYPES = YES;
				CLANG_WARN_SUSPICIOUS_MOVE = YES;
				CLANG_WARN_UNGUARDED_AVAILABILITY = YES_AGGRESSIVE;
				CLANG_WARN_UNREACHABLE_CODE = YES;
				CLANG_WARN__DUPLICATE_METHOD_MATCH = YES;
				COPY_PHASE_STRIP = NO;
				DEBUG_INFORMATION_FORMAT = "dwarf-with-dsym";
				ENABLE_NS_ASSERTIONS = NO;
				ENABLE_STRICT_OBJC_MSGSEND = YES;
				GCC_C_LANGUAGE_STANDARD = gnu11;
				GCC_NO_COMMON_BLOCKS = YES;
				GCC_WARN_64_TO_32_BIT_CONVERSION = YES;
				GCC_WARN_ABOUT_RETURN_TYPE = YES_ERROR;
				GCC_WARN_UNDECLARED_SELECTOR = YES;
				GCC_WARN_UNINITIALIZED_AUTOS = YES_AGGRESSIVE;
				GCC_WARN_UNUSED_FUNCTION = YES;
				GCC_WARN_UNUSED_VARIABLE = YES;
				IPHONEOS_DEPLOYMENT_TARGET = 16.2;
				MTL_ENABLE_DEBUG_INFO = NO;
				MTL_FAST_MATH = YES;
				SDKROOT = iphoneos;
				SWIFT_COMPILATION_MODE = wholemodule;
				SWIFT_OPTIMIZATION_LEVEL = "-O";
				VALIDATE_PRODUCT = YES;
			};
			name = Release;
		};
		CF8D730C2A14C33B006E8BA3 /* Debug */ = {
			isa = XCBuildConfiguration;
			buildSettings = {
				ASSETCATALOG_COMPILER_APPICON_NAME = AppIcon;
				ASSETCATALOG_COMPILER_GLOBAL_ACCENT_COLOR_NAME = AccentColor;
				CODE_SIGN_STYLE = Automatic;
				CURRENT_PROJECT_VERSION = 1;
				DEVELOPMENT_ASSET_PATHS = "\"Hi Hasan Ecom/Preview Content\"";
				ENABLE_PREVIEWS = YES;
				GENERATE_INFOPLIST_FILE = YES;
				INFOPLIST_FILE = "Hi-Hasan-Ecom-Info.plist";
				INFOPLIST_KEY_UIApplicationSceneManifest_Generation = YES;
				INFOPLIST_KEY_UIApplicationSupportsIndirectInputEvents = YES;
				INFOPLIST_KEY_UILaunchScreen_Generation = YES;
				INFOPLIST_KEY_UISupportedInterfaceOrientations_iPad = "UIInterfaceOrientationPortrait UIInterfaceOrientationPortraitUpsideDown UIInterfaceOrientationLandscapeLeft UIInterfaceOrientationLandscapeRight";
				INFOPLIST_KEY_UISupportedInterfaceOrientations_iPhone = "UIInterfaceOrientationPortrait UIInterfaceOrientationLandscapeLeft UIInterfaceOrientationLandscapeRight";
				LD_RUNPATH_SEARCH_PATHS = (
					"$(inherited)",
					"@executable_path/Frameworks",
				);
				MARKETING_VERSION = 1.0;
				PRODUCT_BUNDLE_IDENTIFIER = "xyz.hihasan.Hi-Hasan-Ecom";
				PRODUCT_NAME = "$(TARGET_NAME)";
				SWIFT_EMIT_LOC_STRINGS = YES;
				SWIFT_VERSION = 5.0;
				TARGETED_DEVICE_FAMILY = "1,2";
			};
			name = Debug;
		};
		CF8D730D2A14C33B006E8BA3 /* Release */ = {
			isa = XCBuildConfiguration;
			buildSettings = {
				ASSETCATALOG_COMPILER_APPICON_NAME = AppIcon;
				ASSETCATALOG_COMPILER_GLOBAL_ACCENT_COLOR_NAME = AccentColor;
				CODE_SIGN_STYLE = Automatic;
				CURRENT_PROJECT_VERSION = 1;
				DEVELOPMENT_ASSET_PATHS = "\"Hi Hasan Ecom/Preview Content\"";
				ENABLE_PREVIEWS = YES;
				GENERATE_INFOPLIST_FILE = YES;
				INFOPLIST_FILE = "Hi-Hasan-Ecom-Info.plist";
				INFOPLIST_KEY_UIApplicationSceneManifest_Generation = YES;
				INFOPLIST_KEY_UIApplicationSupportsIndirectInputEvents = YES;
				INFOPLIST_KEY_UILaunchScreen_Generation = YES;
				INFOPLIST_KEY_UISupportedInterfaceOrientations_iPad = "UIInterfaceOrientationPortrait UIInterfaceOrientationPortraitUpsideDown UIInterfaceOrientationLandscapeLeft UIInterfaceOrientationLandscapeRight";
				INFOPLIST_KEY_UISupportedInterfaceOrientations_iPhone = "UIInterfaceOrientationPortrait UIInterfaceOrientationLandscapeLeft UIInterfaceOrientationLandscapeRight";
				LD_RUNPATH_SEARCH_PATHS = (
					"$(inherited)",
					"@executable_path/Frameworks",
				);
				MARKETING_VERSION = 1.0;
				PRODUCT_BUNDLE_IDENTIFIER = "xyz.hihasan.Hi-Hasan-Ecom";
				PRODUCT_NAME = "$(TARGET_NAME)";
				SWIFT_EMIT_LOC_STRINGS = YES;
				SWIFT_VERSION = 5.0;
				TARGETED_DEVICE_FAMILY = "1,2";
			};
			name = Release;
		};
/* End XCBuildConfiguration section */

/* Begin XCConfigurationList section */
		CF8D72F82A14C33A006E8BA3 /* Build configuration list for PBXProject "Hi Hasan Ecom" */ = {
			isa = XCConfigurationList;
			buildConfigurations = (
				CF8D73092A14C33B006E8BA3 /* Debug */,
				CF8D730A2A14C33B006E8BA3 /* Release */,
			);
			defaultConfigurationIsVisible = 0;
			defaultConfigurationName = Release;
		};
		CF8D730B2A14C33B006E8BA3 /* Build configuration list for PBXNativeTarget "Hi Hasan Ecom" */ = {
			isa = XCConfigurationList;
			buildConfigurations = (
				CF8D730C2A14C33B006E8BA3 /* Debug */,
				CF8D730D2A14C33B006E8BA3 /* Release */,
			);
			defaultConfigurationIsVisible = 0;
			defaultConfigurationName = Release;
		};
/* End XCConfigurationList section */
	};
	rootObject = CF8D72F52A14C33A006E8BA3 /* Project object */;
}
